
Microsoft Visual Studio Solution File, Format Version 12.00
# Visual Studio Version 16
VisualStudioVersion = 16.0.29509.3
MinimumVisualStudioVersion = 10.0.40219.1
Project("{FAE04EC0-301F-11D3-BF4B-00C04F79EFBC}") = "VEGA_JSON", "VEGA_JSON\VEGA_JSON.csproj", "{BCA86B3A-25A7-48A9-AE7B-96DF7BEEDCC4}"
EndProject
Global
	GlobalSection(SolutionConfigurationPlatforms) = preSolution
		Debug|Any CPU = Debug|Any CPU
		Release|Any CPU = Release|Any CPU
	EndGlobalSection
	GlobalSection(ProjectConfigurationPlatforms) = postSolution
		{BCA86B3A-25A7-48A9-AE7B-96DF7BEEDCC4}.Debug|Any CPU.ActiveCfg = Debug|Any CPU
		{BCA86B3A-25A7-48A9-AE7B-96DF7BEEDCC4}.Debug|Any CPU.Build.0 = Debug|Any CPU
		{BCA86B3A-25A7-48A9-AE7B-96DF7BEEDCC4}.Release|Any CPU.ActiveCfg = Release|Any CPU
		{BCA86B3A-25A7-48A9-AE7B-96DF7BEEDCC4}.Release|Any CPU.Build.0 = Release|Any CPU
	EndGlobalSection
	GlobalSection(SolutionProperties) = preSolution
		HideSolutionNode = FALSE
	EndGlobalSection
	GlobalSection(ExtensibilityGlobals) = postSolution
		SolutionGuid = {AE5D6170-B247-45C3-85BC-D899F1B75F7F}
	EndGlobalSection
EndGlobal
